
Microsoft Visual Studio Solution File, Format Version 12.00
# Visual Studio Express 2013 for Web
VisualStudioVersion = 12.0.31101.0
MinimumVisualStudioVersion = 10.0.40219.1
Project("{FAE04EC0-301F-11D3-BF4B-00C04F79EFBC}") = "SomeLib", "SomeLib\SomeLib.csproj", "{8AE4159C-264C-4100-A74C-77702C3965AD}"
EndProject
Project("{FAE04EC0-301F-11D3-BF4B-00C04F79EFBC}") = "XUnitTest", "XUnitTest\XUnitTest.csproj", "{540E49F4-DD05-4820-B941-A61586A964BC}"
EndProject
Project("{2150E333-8FDC-42A3-9474-1A3956D46DE8}") = ".nuget", ".nuget", "{7441AD01-9C54-4BDA-BF0F-8B41BA9C9F5A}"
	ProjectSection(SolutionItems) = preProject
		.nuget\packages.config = .nuget\packages.config
	EndProjectSection
EndProject
Global
	GlobalSection(SolutionConfigurationPlatforms) = preSolution
		Debug|Any CPU = Debug|Any CPU
		Release|Any CPU = Release|Any CPU
	EndGlobalSection
	GlobalSection(ProjectConfigurationPlatforms) = postSolution
		{8AE4159C-264C-4100-A74C-77702C3965AD}.Debug|Any CPU.ActiveCfg = Debug|Any CPU
		{8AE4159C-264C-4100-A74C-77702C3965AD}.Debug|Any CPU.Build.0 = Debug|Any CPU
		{8AE4159C-264C-4100-A74C-77702C3965AD}.Release|Any CPU.ActiveCfg = Release|Any CPU
		{8AE4159C-264C-4100-A74C-77702C3965AD}.Release|Any CPU.Build.0 = Release|Any CPU
		{540E49F4-DD05-4820-B941-A61586A964BC}.Debug|Any CPU.ActiveCfg = Debug|Any CPU
		{540E49F4-DD05-4820-B941-A61586A964BC}.Debug|Any CPU.Build.0 = Debug|Any CPU
		{540E49F4-DD05-4820-B941-A61586A964BC}.Release|Any CPU.ActiveCfg = Release|Any CPU
		{540E49F4-DD05-4820-B941-A61586A964BC}.Release|Any CPU.Build.0 = Release|Any CPU
	EndGlobalSection
	GlobalSection(SolutionProperties) = preSolution
		HideSolutionNode = FALSE
	EndGlobalSection
EndGlobal
